// !$*UTF8*$!
{
	archiveVersion = 1;
	classes = {
	};
	objectVersion = 46;
	objects = {

/* Begin PBXBuildFile section */
		523D59A815CE7C5500ECE017 /* storyTemplate.html in Resources */ = {isa = PBXBuildFile; fileRef = 523D59A715CE7C5500ECE017 /* storyTemplate.html */; };
		523D59AA15CE7D8900ECE017 /* tocTemplate.html in Resources */ = {isa = PBXBuildFile; fileRef = 523D59A915CE7D8900ECE017 /* tocTemplate.html */; };
		523D59AC15CE7DC200ECE017 /* chapterTemplate.html in Resources */ = {isa = PBXBuildFile; fileRef = 523D59AB15CE7DC200ECE017 /* chapterTemplate.html */; };
		523D59AF15CE7E3C00ECE017 /* FileTemplate.m in Sources */ = {isa = PBXBuildFile; fileRef = 523D59AE15CE7E3C00ECE017 /* FileTemplate.m */; };
		523D59B215CE7EF300ECE017 /* FileTemplateMarker.m in Sources */ = {isa = PBXBuildFile; fileRef = 523D59B115CE7EF300ECE017 /* FileTemplateMarker.m */; };
		523D59B915CF39EB00ECE017 /* LemonImporter.m in Sources */ = {isa = PBXBuildFile; fileRef = 523D59B815CF39EB00ECE017 /* LemonImporter.m */; };
		52593DA715CD670300282252 /* StoryUpdater.m in Sources */ = {isa = PBXBuildFile; fileRef = 52593DA615CD670300282252 /* StoryUpdater.m */; };
		52593DAB15CD671500282252 /* StoryRenderer.m in Sources */ = {isa = PBXBuildFile; fileRef = 52593DAA15CD671500282252 /* StoryRenderer.m */; };
		52593DAE15CD831000282252 /* StoryTableDataSource.m in Sources */ = {isa = PBXBuildFile; fileRef = 52593DAD15CD831000282252 /* StoryTableDataSource.m */; };
		52593DC015CD917100282252 /* Settings.m in Sources */ = {isa = PBXBuildFile; fileRef = 52593DBE15CD917100282252 /* Settings.m */; };
		52593DC115CD917100282252 /* Settings.xib in Resources */ = {isa = PBXBuildFile; fileRef = 52593DBF15CD917100282252 /* Settings.xib */; };
		5266901815CF29CC000F5D0E /* UpdateProgressWindowController.m in Sources */ = {isa = PBXBuildFile; fileRef = 5266901615CF29CB000F5D0E /* UpdateProgressWindowController.m */; };
		5266901915CF29CC000F5D0E /* UpdateProgressWindowController.xib in Resources */ = {isa = PBXBuildFile; fileRef = 5266901715CF29CB000F5D0E /* UpdateProgressWindowController.xib */; };
		526A585215CD53E200EB2D63 /* AddStoryView.xib in Resources */ = {isa = PBXBuildFile; fileRef = 526A585115CD53E200EB2D63 /* AddStoryView.xib */; };
		526A585615CD54D600EB2D63 /* AddStorySheetController.m in Sources */ = {isa = PBXBuildFile; fileRef = 526A585515CD54D600EB2D63 /* AddStorySheetController.m */; };
		5275089715CD2CCE00927E69 /* StoryList.m in Sources */ = {isa = PBXBuildFile; fileRef = 5275089615CD2CCE00927E69 /* StoryList.m */; };
		5275089B15CD2CD800927E69 /* StoryListEntry.m in Sources */ = {isa = PBXBuildFile; fileRef = 5275089A15CD2CD800927E69 /* StoryListEntry.m */; };
		529984D215D4143000227F44 /* AddStoryView.strings in Resources */ = {isa = PBXBuildFile; fileRef = 52AD5FAD15D29DCC0078531D /* AddStoryView.strings */; };
		529984D315D4143000227F44 /* InfoPlist.strings in Resources */ = {isa = PBXBuildFile; fileRef = 52AD5FB315D29DD20078531D /* InfoPlist.strings */; };
		529984D415D4143000227F44 /* Localizable.strings in Resources */ = {isa = PBXBuildFile; fileRef = 52AD5FB615D29DD50078531D /* Localizable.strings */; };
		529984D515D4143000227F44 /* MainMenu.strings in Resources */ = {isa = PBXBuildFile; fileRef = 52AD5FB915D29DDB0078531D /* MainMenu.strings */; };
		529984D615D4143000227F44 /* Settings.strings in Resources */ = {isa = PBXBuildFile; fileRef = 52AD5FBC15D29DDF0078531D /* Settings.strings */; };
		529984D715D4143000227F44 /* UpdateProgressWindowController.strings in Resources */ = {isa = PBXBuildFile; fileRef = 52AD5FBF15D29DE30078531D /* UpdateProgressWindowController.strings */; };
		52AD5F8415D29CAA0078531D /* MainMenu.xib in Resources */ = {isa = PBXBuildFile; fileRef = 52AD5F8315D29CAA0078531D /* MainMenu.xib */; };
		52AD5F9B15D29CEB0078531D /* Foundation.framework in Frameworks */ = {isa = PBXBuildFile; fileRef = 52AD5F9A15D29CEB0078531D /* Foundation.framework */; };
		52AD5FA715D29D060078531D /* xibLocalizationPostprocessor.m in Sources */ = {isa = PBXBuildFile; fileRef = 52AD5FA615D29D060078531D /* xibLocalizationPostprocessor.m */; };
		52AD5FAE15D29DCF0078531D /* Credits.rtf in Resources */ = {isa = PBXBuildFile; fileRef = 52AD5FB015D29DCF0078531D /* Credits.rtf */; };
		52AD5FC815D2A14D0078531D /* DMLocalizedNibBundle.m in Sources */ = {isa = PBXBuildFile; fileRef = 52AD5FC715D2A14D0078531D /* DMLocalizedNibBundle.m */; settings = {COMPILER_FLAGS = "-fno-objc-arc"; }; };
		52B7E36C15CC985200A686E9 /* Cocoa.framework in Frameworks */ = {isa = PBXBuildFile; fileRef = 52B7E36B15CC985200A686E9 /* Cocoa.framework */; };
		52B7E37815CC985200A686E9 /* main.m in Sources */ = {isa = PBXBuildFile; fileRef = 52B7E37715CC985200A686E9 /* main.m */; };
		52B7E37F15CC985200A686E9 /* AppDelegate.m in Sources */ = {isa = PBXBuildFile; fileRef = 52B7E37E15CC985200A686E9 /* AppDelegate.m */; };
		52B7E38A15CC987A00A686E9 /* StoryChapter.m in Sources */ = {isa = PBXBuildFile; fileRef = 52B7E38915CC987A00A686E9 /* StoryChapter.m */; };
		52B7E38D15CC98A900A686E9 /* StoryOverview.m in Sources */ = {isa = PBXBuildFile; fileRef = 52B7E38C15CC98A900A686E9 /* StoryOverview.m */; };
		52B7E39115CCA18900A686E9 /* NSXMLNode+QuickerXPath.m in Sources */ = {isa = PBXBuildFile; fileRef = 52B7E39015CCA18900A686E9 /* NSXMLNode+QuickerXPath.m */; };
		52BBA6D01699DE3500DF3140 /* UserDefaultsKeys.m in Sources */ = {isa = PBXBuildFile; fileRef = 52BBA6CF1699DE3500DF3140 /* UserDefaultsKeys.m */; };
		52CE3AF315CDED0200375FA9 /* ScriptingBridge.framework in Frameworks */ = {isa = PBXBuildFile; fileRef = 52CE3AF215CDED0200375FA9 /* ScriptingBridge.framework */; };
		52CE3AF615CDEF1E00375FA9 /* EmailSender.m in Sources */ = {isa = PBXBuildFile; fileRef = 52CE3AF515CDEF1E00375FA9 /* EmailSender.m */; };
		52ED9E31169998F20082EABB /* NSArray+Map.m in Sources */ = {isa = PBXBuildFile; fileRef = 52ED9E30169998F20082EABB /* NSArray+Map.m */; };
		52ED9E49169F896D0082EABB /* StoryOverviewFF.m in Sources */ = {isa = PBXBuildFile; fileRef = 52ED9E48169F896D0082EABB /* StoryOverviewFF.m */; };
		52ED9E52169F8ED50082EABB /* SenTestingKit.framework in Frameworks */ = {isa = PBXBuildFile; fileRef = 52ED9E51169F8ED50082EABB /* SenTestingKit.framework */; };
		52ED9E53169F8ED50082EABB /* Cocoa.framework in Frameworks */ = {isa = PBXBuildFile; fileRef = 52B7E36B15CC985200A686E9 /* Cocoa.framework */; };
		52ED9E59169F8ED60082EABB /* InfoPlist.strings in Resources */ = {isa = PBXBuildFile; fileRef = 52ED9E57169F8ED60082EABB /* InfoPlist.strings */; };
		52ED9E5C169F8ED60082EABB /* FanfictionDownloaderTests.m in Sources */ = {isa = PBXBuildFile; fileRef = 52ED9E5B169F8ED60082EABB /* FanfictionDownloaderTests.m */; };
		52ED9E66169F8F0F0082EABB /* FileTemplateTest.m in Sources */ = {isa = PBXBuildFile; fileRef = 52ED9E65169F8F0F0082EABB /* FileTemplateTest.m */; };
		52ED9E69169F99C20082EABB /* StoryFFTest.m in Sources */ = {isa = PBXBuildFile; fileRef = 52ED9E68169F99C20082EABB /* StoryFFTest.m */; };
		52ED9E6B169F9A090082EABB /* ffteststory.html in Resources */ = {isa = PBXBuildFile; fileRef = 52ED9E6A169F9A090082EABB /* ffteststory.html */; };
		52F92C3815D1E71A0037648F /* MainWindowController.m in Sources */ = {isa = PBXBuildFile; fileRef = 52F92C3715D1E71A0037648F /* MainWindowController.m */; };
		52F92C3C15D1E8890037648F /* SheetController.m in Sources */ = {isa = PBXBuildFile; fileRef = 52F92C3B15D1E8890037648F /* SheetController.m */; };
		52FA2CE0169F5EF600CE57DA /* StoryID.m in Sources */ = {isa = PBXBuildFile; fileRef = 52FA2CDF169F5EF600CE57DA /* StoryID.m */; };
		52FA2CE916A015D500CE57DA /* StoryOverviewTest.m in Sources */ = {isa = PBXBuildFile; fileRef = 52FA2CE816A015D500CE57DA /* StoryOverviewTest.m */; };
		52FA2CED16A0165700CE57DA /* StoryListEntryTest.m in Sources */ = {isa = PBXBuildFile; fileRef = 52FA2CEC16A0165700CE57DA /* StoryListEntryTest.m */; };
		52FA2CF016A03E8C00CE57DA /* StoryRendererTestFF.m in Sources */ = {isa = PBXBuildFile; fileRef = 52FA2CEF16A03E8C00CE57DA /* StoryRendererTestFF.m */; };
		52FA2CF216A0403500CE57DA /* ffteststory.expected.html in Resources */ = {isa = PBXBuildFile; fileRef = 52FA2CF116A0403500CE57DA /* ffteststory.expected.html */; };
		52FA2CF516A0458C00CE57DA /* StoryChapterFF.m in Sources */ = {isa = PBXBuildFile; fileRef = 52FA2CF416A0458C00CE57DA /* StoryChapterFF.m */; };
/* End PBXBuildFile section */

/* Begin PBXBuildRule section */
		52CE3AEE15CDEC9000375FA9 /* PBXBuildRule */ = {
			isa = PBXBuildRule;
			compilerSpec = com.apple.compilers.proxy.script;
			filePatterns = "*.app";
			fileType = pattern.proxy;
			isEditable = 1;
			outputFiles = (
				"$(DERIVED_FILES_DIR)/$(INPUT_FILE_BASE).h",
			);
			script = "sdef \"$INPUT_FILE_PATH\" | sdp -fh -o \"$DERIVED_FILES_DIR\" --basename \"$INPUT_FILE_BASE\" --bundleid `defaults read \"$INPUT_FILE_PATH/Contents/Info\" CFBundleIdentifier`";
		};
/* End PBXBuildRule section */

/* Begin PBXContainerItemProxy section */
		52AD5FA815D29D0F0078531D /* PBXContainerItemProxy */ = {
			isa = PBXContainerItemProxy;
			containerPortal = 52B7E35E15CC985200A686E9 /* Project object */;
			proxyType = 1;
			remoteGlobalIDString = 52AD5F9715D29CEB0078531D;
			remoteInfo = xibLocalizationPostprocessor;
		};
		52ED9E61169F8EEE0082EABB /* PBXContainerItemProxy */ = {
			isa = PBXContainerItemProxy;
			containerPortal = 52B7E35E15CC985200A686E9 /* Project object */;
			proxyType = 1;
			remoteGlobalIDString = 52B7E36615CC985200A686E9;
			remoteInfo = "Fanfiction Downloader";
		};
/* End PBXContainerItemProxy section */

/* Begin PBXCopyFilesBuildPhase section */
		52AD5F9615D29CEB0078531D /* CopyFiles */ = {
			isa = PBXCopyFilesBuildPhase;
			buildActionMask = 2147483647;
			dstPath = /usr/share/man/man1/;
			dstSubfolderSpec = 0;
			files = (
			);
			runOnlyForDeploymentPostprocessing = 1;
		};
/* End PBXCopyFilesBuildPhase section */

/* Begin PBXFileReference section */
		5221B44A15D4790300ACD50A /* LIESMICH.md */ = {isa = PBXFileReference; fileEncoding = 4; lastKnownFileType = text; path = LIESMICH.md; sourceTree = "<group>"; };
		523D59A715CE7C5500ECE017 /* storyTemplate.html */ = {isa = PBXFileReference; fileEncoding = 4; lastKnownFileType = text.html; path = storyTemplate.html; sourceTree = "<group>"; };
		523D59A915CE7D8900ECE017 /* tocTemplate.html */ = {isa = PBXFileReference; fileEncoding = 4; lastKnownFileType = text.html; path = tocTemplate.html; sourceTree = "<group>"; };
		523D59AB15CE7DC200ECE017 /* chapterTemplate.html */ = {isa = PBXFileReference; fileEncoding = 4; lastKnownFileType = text.html; path = chapterTemplate.html; sourceTree = "<group>"; };
		523D59AD15CE7E3C00ECE017 /* FileTemplate.h */ = {isa = PBXFileReference; fileEncoding = 4; lastKnownFileType = sourcecode.c.h; path = FileTemplate.h; sourceTree = "<group>"; };
		523D59AE15CE7E3C00ECE017 /* FileTemplate.m */ = {isa = PBXFileReference; fileEncoding = 4; lastKnownFileType = sourcecode.c.objc; path = FileTemplate.m; sourceTree = "<group>"; };
		523D59B015CE7EF300ECE017 /* FileTemplateMarker.h */ = {isa = PBXFileReference; fileEncoding = 4; lastKnownFileType = sourcecode.c.h; path = FileTemplateMarker.h; sourceTree = "<group>"; };
		523D59B115CE7EF300ECE017 /* FileTemplateMarker.m */ = {isa = PBXFileReference; fileEncoding = 4; lastKnownFileType = sourcecode.c.objc; path = FileTemplateMarker.m; sourceTree = "<group>"; };
		523D59B715CF39EB00ECE017 /* LemonImporter.h */ = {isa = PBXFileReference; fileEncoding = 4; lastKnownFileType = sourcecode.c.h; path = LemonImporter.h; sourceTree = "<group>"; };
		523D59B815CF39EB00ECE017 /* LemonImporter.m */ = {isa = PBXFileReference; fileEncoding = 4; lastKnownFileType = sourcecode.c.objc; path = LemonImporter.m; sourceTree = "<group>"; };
		52593DA515CD670300282252 /* StoryUpdater.h */ = {isa = PBXFileReference; fileEncoding = 4; lastKnownFileType = sourcecode.c.h; path = StoryUpdater.h; sourceTree = "<group>"; };
		52593DA615CD670300282252 /* StoryUpdater.m */ = {isa = PBXFileReference; fileEncoding = 4; lastKnownFileType = sourcecode.c.objc; path = StoryUpdater.m; sourceTree = "<group>"; };
		52593DA915CD671500282252 /* StoryRenderer.h */ = {isa = PBXFileReference; fileEncoding = 4; lastKnownFileType = sourcecode.c.h; path = StoryRenderer.h; sourceTree = "<group>"; };
		52593DAA15CD671500282252 /* StoryRenderer.m */ = {isa = PBXFileReference; fileEncoding = 4; lastKnownFileType = sourcecode.c.objc; path = StoryRenderer.m; sourceTree = "<group>"; };
		52593DAC15CD831000282252 /* StoryTableDataSource.h */ = {isa = PBXFileReference; fileEncoding = 4; lastKnownFileType = sourcecode.c.h; path = StoryTableDataSource.h; sourceTree = "<group>"; };
		52593DAD15CD831000282252 /* StoryTableDataSource.m */ = {isa = PBXFileReference; fileEncoding = 4; lastKnownFileType = sourcecode.c.objc; path = StoryTableDataSource.m; sourceTree = "<group>"; };
		52593DBD15CD917100282252 /* Settings.h */ = {isa = PBXFileReference; fileEncoding = 4; lastKnownFileType = sourcecode.c.h; path = Settings.h; sourceTree = "<group>"; };
		52593DBE15CD917100282252 /* Settings.m */ = {isa = PBXFileReference; fileEncoding = 4; lastKnownFileType = sourcecode.c.objc; path = Settings.m; sourceTree = "<group>"; };
		52593DBF15CD917100282252 /* Settings.xib */ = {isa = PBXFileReference; fileEncoding = 4; lastKnownFileType = file.xib; path = Settings.xib; sourceTree = "<group>"; };
		5266901515CF29CB000F5D0E /* UpdateProgressWindowController.h */ = {isa = PBXFileReference; fileEncoding = 4; lastKnownFileType = sourcecode.c.h; path = UpdateProgressWindowController.h; sourceTree = "<group>"; };
		5266901615CF29CB000F5D0E /* UpdateProgressWindowController.m */ = {isa = PBXFileReference; fileEncoding = 4; lastKnownFileType = sourcecode.c.objc; path = UpdateProgressWindowController.m; sourceTree = "<group>"; };
		5266901715CF29CB000F5D0E /* UpdateProgressWindowController.xib */ = {isa = PBXFileReference; fileEncoding = 4; lastKnownFileType = file.xib; path = UpdateProgressWindowController.xib; sourceTree = "<group>"; };
		526A585115CD53E200EB2D63 /* AddStoryView.xib */ = {isa = PBXFileReference; fileEncoding = 4; lastKnownFileType = file.xib; path = AddStoryView.xib; sourceTree = "<group>"; };
		526A585415CD54D600EB2D63 /* AddStorySheetController.h */ = {isa = PBXFileReference; fileEncoding = 4; lastKnownFileType = sourcecode.c.h; path = AddStorySheetController.h; sourceTree = "<group>"; };
		526A585515CD54D600EB2D63 /* AddStorySheetController.m */ = {isa = PBXFileReference; fileEncoding = 4; lastKnownFileType = sourcecode.c.objc; path = AddStorySheetController.m; sourceTree = "<group>"; };
		5275089515CD2CCE00927E69 /* StoryList.h */ = {isa = PBXFileReference; fileEncoding = 4; lastKnownFileType = sourcecode.c.h; path = StoryList.h; sourceTree = "<group>"; };
		5275089615CD2CCE00927E69 /* StoryList.m */ = {isa = PBXFileReference; fileEncoding = 4; lastKnownFileType = sourcecode.c.objc; path = StoryList.m; sourceTree = "<group>"; };
		5275089915CD2CD800927E69 /* StoryListEntry.h */ = {isa = PBXFileReference; fileEncoding = 4; lastKnownFileType = sourcecode.c.h; path = StoryListEntry.h; sourceTree = "<group>"; };
		5275089A15CD2CD800927E69 /* StoryListEntry.m */ = {isa = PBXFileReference; fileEncoding = 4; lastKnownFileType = sourcecode.c.objc; path = StoryListEntry.m; sourceTree = "<group>"; };
		529984DD15D477AB00227F44 /* README.md */ = {isa = PBXFileReference; lastKnownFileType = text; path = README.md; sourceTree = "<group>"; };
		529984DF15D477BF00227F44 /* COPYING.md */ = {isa = PBXFileReference; fileEncoding = 4; lastKnownFileType = text; path = COPYING.md; sourceTree = "<group>"; };
		529984E115D4786900227F44 /* Development.md */ = {isa = PBXFileReference; fileEncoding = 4; lastKnownFileType = text; path = Development.md; sourceTree = "<group>"; };
		52AD5F8315D29CAA0078531D /* MainMenu.xib */ = {isa = PBXFileReference; fileEncoding = 4; lastKnownFileType = file.xib; path = MainMenu.xib; sourceTree = "<group>"; };
		52AD5F9815D29CEB0078531D /* xibLocalizationPostprocessor */ = {isa = PBXFileReference; explicitFileType = "compiled.mach-o.executable"; includeInIndex = 0; path = xibLocalizationPostprocessor; sourceTree = BUILT_PRODUCTS_DIR; };
		52AD5F9A15D29CEB0078531D /* Foundation.framework */ = {isa = PBXFileReference; lastKnownFileType = wrapper.framework; name = Foundation.framework; path = System/Library/Frameworks/Foundation.framework; sourceTree = SDKROOT; };
		52AD5FA615D29D060078531D /* xibLocalizationPostprocessor.m */ = {isa = PBXFileReference; fileEncoding = 4; lastKnownFileType = sourcecode.c.objc; name = xibLocalizationPostprocessor.m; path = DMLocalizedNibBundle/xibLocalizationPostprocessor.m; sourceTree = "<group>"; };
		52AD5FAC15D29DCC0078531D /* en */ = {isa = PBXFileReference; lastKnownFileType = text.plist.strings; name = en; path = en.lproj/AddStoryView.strings; sourceTree = "<group>"; };
		52AD5FAF15D29DCF0078531D /* en */ = {isa = PBXFileReference; lastKnownFileType = text.rtf; name = en; path = en.lproj/Credits.rtf; sourceTree = "<group>"; };
		52AD5FB215D29DD20078531D /* en */ = {isa = PBXFileReference; lastKnownFileType = text.plist.strings; name = en; path = en.lproj/InfoPlist.strings; sourceTree = "<group>"; };
		52AD5FB515D29DD50078531D /* en */ = {isa = PBXFileReference; lastKnownFileType = text.plist.strings; name = en; path = en.lproj/Localizable.strings; sourceTree = "<group>"; };
		52AD5FB815D29DDB0078531D /* en */ = {isa = PBXFileReference; lastKnownFileType = text.plist.strings; name = en; path = en.lproj/MainMenu.strings; sourceTree = "<group>"; };
		52AD5FBB15D29DDF0078531D /* en */ = {isa = PBXFileReference; lastKnownFileType = text.plist.strings; name = en; path = en.lproj/Settings.strings; sourceTree = "<group>"; };
		52AD5FBE15D29DE30078531D /* en */ = {isa = PBXFileReference; lastKnownFileType = text.plist.strings; name = en; path = en.lproj/UpdateProgressWindowController.strings; sourceTree = "<group>"; };
		52AD5FC015D29DF90078531D /* de */ = {isa = PBXFileReference; lastKnownFileType = text.plist.strings; name = de; path = de.lproj/AddStoryView.strings; sourceTree = "<group>"; };
		52AD5FC115D29DF90078531D /* de */ = {isa = PBXFileReference; lastKnownFileType = text.rtf; name = de; path = de.lproj/Credits.rtf; sourceTree = "<group>"; };
		52AD5FC215D29DF90078531D /* de */ = {isa = PBXFileReference; lastKnownFileType = text.plist.strings; name = de; path = de.lproj/InfoPlist.strings; sourceTree = "<group>"; };
		52AD5FC315D29DF90078531D /* de */ = {isa = PBXFileReference; lastKnownFileType = text.plist.strings; name = de; path = de.lproj/Localizable.strings; sourceTree = "<group>"; };
		52AD5FC415D29DF90078531D /* de */ = {isa = PBXFileReference; lastKnownFileType = text.plist.strings; name = de; path = de.lproj/MainMenu.strings; sourceTree = "<group>"; };
		52AD5FC515D29DF90078531D /* de */ = {isa = PBXFileReference; lastKnownFileType = text.plist.strings; name = de; path = de.lproj/Settings.strings; sourceTree = "<group>"; };
		52AD5FC615D29DF90078531D /* de */ = {isa = PBXFileReference; lastKnownFileType = text.plist.strings; name = de; path = de.lproj/UpdateProgressWindowController.strings; sourceTree = "<group>"; };
		52AD5FC715D2A14D0078531D /* DMLocalizedNibBundle.m */ = {isa = PBXFileReference; fileEncoding = 4; lastKnownFileType = sourcecode.c.objc; name = DMLocalizedNibBundle.m; path = DMLocalizedNibBundle/DMLocalizedNibBundle.m; sourceTree = SOURCE_ROOT; };
		52B7E36715CC985200A686E9 /* Fanfiction Downloader.app */ = {isa = PBXFileReference; explicitFileType = wrapper.application; includeInIndex = 0; path = "Fanfiction Downloader.app"; sourceTree = BUILT_PRODUCTS_DIR; };
		52B7E36B15CC985200A686E9 /* Cocoa.framework */ = {isa = PBXFileReference; lastKnownFileType = wrapper.framework; name = Cocoa.framework; path = System/Library/Frameworks/Cocoa.framework; sourceTree = SDKROOT; };
		52B7E36E15CC985200A686E9 /* AppKit.framework */ = {isa = PBXFileReference; lastKnownFileType = wrapper.framework; name = AppKit.framework; path = System/Library/Frameworks/AppKit.framework; sourceTree = SDKROOT; };
		52B7E36F15CC985200A686E9 /* CoreData.framework */ = {isa = PBXFileReference; lastKnownFileType = wrapper.framework; name = CoreData.framework; path = System/Library/Frameworks/CoreData.framework; sourceTree = SDKROOT; };
		52B7E37015CC985200A686E9 /* Foundation.framework */ = {isa = PBXFileReference; lastKnownFileType = wrapper.framework; name = Foundation.framework; path = System/Library/Frameworks/Foundation.framework; sourceTree = SDKROOT; };
		52B7E37315CC985200A686E9 /* Fanfiction Downloader-Info.plist */ = {isa = PBXFileReference; lastKnownFileType = text.plist.xml; path = "Fanfiction Downloader-Info.plist"; sourceTree = "<group>"; };
		52B7E37715CC985200A686E9 /* main.m */ = {isa = PBXFileReference; lastKnownFileType = sourcecode.c.objc; path = main.m; sourceTree = "<group>"; };
		52B7E37915CC985200A686E9 /* Fanfiction Downloader-Prefix.pch */ = {isa = PBXFileReference; lastKnownFileType = sourcecode.c.h; path = "Fanfiction Downloader-Prefix.pch"; sourceTree = "<group>"; };
		52B7E37D15CC985200A686E9 /* AppDelegate.h */ = {isa = PBXFileReference; lastKnownFileType = sourcecode.c.h; path = AppDelegate.h; sourceTree = "<group>"; };
		52B7E37E15CC985200A686E9 /* AppDelegate.m */ = {isa = PBXFileReference; lastKnownFileType = sourcecode.c.objc; path = AppDelegate.m; sourceTree = "<group>"; };
		52B7E38815CC987A00A686E9 /* StoryChapter.h */ = {isa = PBXFileReference; fileEncoding = 4; lastKnownFileType = sourcecode.c.h; path = StoryChapter.h; sourceTree = "<group>"; };
		52B7E38915CC987A00A686E9 /* StoryChapter.m */ = {isa = PBXFileReference; fileEncoding = 4; lastKnownFileType = sourcecode.c.objc; path = StoryChapter.m; sourceTree = "<group>"; };
		52B7E38B15CC98A900A686E9 /* StoryOverview.h */ = {isa = PBXFileReference; fileEncoding = 4; lastKnownFileType = sourcecode.c.h; path = StoryOverview.h; sourceTree = "<group>"; };
		52B7E38C15CC98A900A686E9 /* StoryOverview.m */ = {isa = PBXFileReference; fileEncoding = 4; lastKnownFileType = sourcecode.c.objc; path = StoryOverview.m; sourceTree = "<group>"; };
		52B7E38F15CCA18900A686E9 /* NSXMLNode+QuickerXPath.h */ = {isa = PBXFileReference; fileEncoding = 4; lastKnownFileType = sourcecode.c.h; path = "NSXMLNode+QuickerXPath.h"; sourceTree = "<group>"; };
		52B7E39015CCA18900A686E9 /* NSXMLNode+QuickerXPath.m */ = {isa = PBXFileReference; fileEncoding = 4; lastKnownFileType = sourcecode.c.objc; path = "NSXMLNode+QuickerXPath.m"; sourceTree = "<group>"; };
		52BBA6CE1699DE3500DF3140 /* UserDefaultsKeys.h */ = {isa = PBXFileReference; fileEncoding = 4; lastKnownFileType = sourcecode.c.h; path = UserDefaultsKeys.h; sourceTree = "<group>"; };
		52BBA6CF1699DE3500DF3140 /* UserDefaultsKeys.m */ = {isa = PBXFileReference; fileEncoding = 4; lastKnownFileType = sourcecode.c.objc; path = UserDefaultsKeys.m; sourceTree = "<group>"; };
		52BED9D315CFC08B004A2E96 /* Mail.h */ = {isa = PBXFileReference; lastKnownFileType = sourcecode.c.h; path = Mail.h; sourceTree = "<group>"; };
		52CE3AF215CDED0200375FA9 /* ScriptingBridge.framework */ = {isa = PBXFileReference; lastKnownFileType = wrapper.framework; name = ScriptingBridge.framework; path = System/Library/Frameworks/ScriptingBridge.framework; sourceTree = SDKROOT; };
		52CE3AF415CDEF1E00375FA9 /* EmailSender.h */ = {isa = PBXFileReference; fileEncoding = 4; lastKnownFileType = sourcecode.c.h; path = EmailSender.h; sourceTree = "<group>"; };
		52CE3AF515CDEF1E00375FA9 /* EmailSender.m */ = {isa = PBXFileReference; fileEncoding = 4; lastKnownFileType = sourcecode.c.objc; path = EmailSender.m; sourceTree = "<group>"; };
		52ED9E2F169998F20082EABB /* NSArray+Map.h */ = {isa = PBXFileReference; fileEncoding = 4; lastKnownFileType = sourcecode.c.h; path = "NSArray+Map.h"; sourceTree = "<group>"; };
		52ED9E30169998F20082EABB /* NSArray+Map.m */ = {isa = PBXFileReference; fileEncoding = 4; lastKnownFileType = sourcecode.c.objc; path = "NSArray+Map.m"; sourceTree = "<group>"; };
		52ED9E47169F896D0082EABB /* StoryOverviewFF.h */ = {isa = PBXFileReference; fileEncoding = 4; lastKnownFileType = sourcecode.c.h; path = StoryOverviewFF.h; sourceTree = "<group>"; };
		52ED9E48169F896D0082EABB /* StoryOverviewFF.m */ = {isa = PBXFileReference; fileEncoding = 4; lastKnownFileType = sourcecode.c.objc; path = StoryOverviewFF.m; sourceTree = "<group>"; };
		52ED9E50169F8ED50082EABB /* FanfictionDownloaderTests.octest */ = {isa = PBXFileReference; explicitFileType = wrapper.cfbundle; includeInIndex = 0; path = FanfictionDownloaderTests.octest; sourceTree = BUILT_PRODUCTS_DIR; };
		52ED9E51169F8ED50082EABB /* SenTestingKit.framework */ = {isa = PBXFileReference; lastKnownFileType = wrapper.framework; name = SenTestingKit.framework; path = Library/Frameworks/SenTestingKit.framework; sourceTree = DEVELOPER_DIR; };
		52ED9E56169F8ED60082EABB /* FanfictionDownloaderTests-Info.plist */ = {isa = PBXFileReference; lastKnownFileType = text.plist.xml; path = "FanfictionDownloaderTests-Info.plist"; sourceTree = "<group>"; };
		52ED9E58169F8ED60082EABB /* en */ = {isa = PBXFileReference; lastKnownFileType = text.plist.strings; name = en; path = en.lproj/InfoPlist.strings; sourceTree = "<group>"; };
		52ED9E5A169F8ED60082EABB /* FanfictionDownloaderTests.h */ = {isa = PBXFileReference; lastKnownFileType = sourcecode.c.h; path = FanfictionDownloaderTests.h; sourceTree = "<group>"; };
		52ED9E5B169F8ED60082EABB /* FanfictionDownloaderTests.m */ = {isa = PBXFileReference; lastKnownFileType = sourcecode.c.objc; path = FanfictionDownloaderTests.m; sourceTree = "<group>"; };
		52ED9E5D169F8ED60082EABB /* FanfictionDownloaderTests-Prefix.pch */ = {isa = PBXFileReference; lastKnownFileType = sourcecode.c.h; path = "FanfictionDownloaderTests-Prefix.pch"; sourceTree = "<group>"; };
		52ED9E64169F8F0F0082EABB /* FileTemplateTest.h */ = {isa = PBXFileReference; fileEncoding = 4; lastKnownFileType = sourcecode.c.h; path = FileTemplateTest.h; sourceTree = "<group>"; };
		52ED9E65169F8F0F0082EABB /* FileTemplateTest.m */ = {isa = PBXFileReference; fileEncoding = 4; lastKnownFileType = sourcecode.c.objc; path = FileTemplateTest.m; sourceTree = "<group>"; };
		52ED9E67169F99C10082EABB /* StoryFFTest.h */ = {isa = PBXFileReference; fileEncoding = 4; lastKnownFileType = sourcecode.c.h; path = StoryFFTest.h; sourceTree = "<group>"; };
		52ED9E68169F99C20082EABB /* StoryFFTest.m */ = {isa = PBXFileReference; fileEncoding = 4; lastKnownFileType = sourcecode.c.objc; path = StoryFFTest.m; sourceTree = "<group>"; };
		52ED9E6A169F9A090082EABB /* ffteststory.html */ = {isa = PBXFileReference; fileEncoding = 4; lastKnownFileType = text.html; path = ffteststory.html; sourceTree = "<group>"; };
		52F92C3615D1E71A0037648F /* MainWindowController.h */ = {isa = PBXFileReference; fileEncoding = 4; lastKnownFileType = sourcecode.c.h; path = MainWindowController.h; sourceTree = "<group>"; };
		52F92C3715D1E71A0037648F /* MainWindowController.m */ = {isa = PBXFileReference; fileEncoding = 4; lastKnownFileType = sourcecode.c.objc; path = MainWindowController.m; sourceTree = "<group>"; };
		52F92C3A15D1E8890037648F /* SheetController.h */ = {isa = PBXFileReference; fileEncoding = 4; lastKnownFileType = sourcecode.c.h; path = SheetController.h; sourceTree = "<group>"; };
		52F92C3B15D1E8890037648F /* SheetController.m */ = {isa = PBXFileReference; fileEncoding = 4; lastKnownFileType = sourcecode.c.objc; path = SheetController.m; sourceTree = "<group>"; };
		52FA2CDE169F5EF600CE57DA /* StoryID.h */ = {isa = PBXFileReference; fileEncoding = 4; lastKnownFileType = sourcecode.c.h; path = StoryID.h; sourceTree = "<group>"; };
		52FA2CDF169F5EF600CE57DA /* StoryID.m */ = {isa = PBXFileReference; fileEncoding = 4; lastKnownFileType = sourcecode.c.objc; path = StoryID.m; sourceTree = "<group>"; };
		52FA2CE716A015D500CE57DA /* StoryOverviewTest.h */ = {isa = PBXFileReference; fileEncoding = 4; lastKnownFileType = sourcecode.c.h; path = StoryOverviewTest.h; sourceTree = "<group>"; };
		52FA2CE816A015D500CE57DA /* StoryOverviewTest.m */ = {isa = PBXFileReference; fileEncoding = 4; lastKnownFileType = sourcecode.c.objc; path = StoryOverviewTest.m; sourceTree = "<group>"; };
		52FA2CEB16A0165700CE57DA /* StoryListEntryTest.h */ = {isa = PBXFileReference; fileEncoding = 4; lastKnownFileType = sourcecode.c.h; path = StoryListEntryTest.h; sourceTree = "<group>"; };
		52FA2CEC16A0165700CE57DA /* StoryListEntryTest.m */ = {isa = PBXFileReference; fileEncoding = 4; lastKnownFileType = sourcecode.c.objc; path = StoryListEntryTest.m; sourceTree = "<group>"; };
		52FA2CEE16A03E8C00CE57DA /* StoryRendererTestFF.h */ = {isa = PBXFileReference; fileEncoding = 4; lastKnownFileType = sourcecode.c.h; path = StoryRendererTestFF.h; sourceTree = "<group>"; };
		52FA2CEF16A03E8C00CE57DA /* StoryRendererTestFF.m */ = {isa = PBXFileReference; fileEncoding = 4; lastKnownFileType = sourcecode.c.objc; path = StoryRendererTestFF.m; sourceTree = "<group>"; };
		52FA2CF116A0403500CE57DA /* ffteststory.expected.html */ = {isa = PBXFileReference; fileEncoding = 4; lastKnownFileType = text.html; path = ffteststory.expected.html; sourceTree = "<group>"; };
		52FA2CF316A0458C00CE57DA /* StoryChapterFF.h */ = {isa = PBXFileReference; fileEncoding = 4; lastKnownFileType = sourcecode.c.h; path = StoryChapterFF.h; sourceTree = "<group>"; };
		52FA2CF416A0458C00CE57DA /* StoryChapterFF.m */ = {isa = PBXFileReference; fileEncoding = 4; lastKnownFileType = sourcecode.c.objc; path = StoryChapterFF.m; sourceTree = "<group>"; };
/* End PBXFileReference section */

/* Begin PBXFrameworksBuildPhase section */
		52AD5F9515D29CEB0078531D /* Frameworks */ = {
			isa = PBXFrameworksBuildPhase;
			buildActionMask = 2147483647;
			files = (
				52AD5F9B15D29CEB0078531D /* Foundation.framework in Frameworks */,
			);
			runOnlyForDeploymentPostprocessing = 0;
		};
		52B7E36415CC985200A686E9 /* Frameworks */ = {
			isa = PBXFrameworksBuildPhase;
			buildActionMask = 2147483647;
			files = (
				52CE3AF315CDED0200375FA9 /* ScriptingBridge.framework in Frameworks */,
				52B7E36C15CC985200A686E9 /* Cocoa.framework in Frameworks */,
			);
			runOnlyForDeploymentPostprocessing = 0;
		};
		52ED9E4C169F8ED50082EABB /* Frameworks */ = {
			isa = PBXFrameworksBuildPhase;
			buildActionMask = 2147483647;
			files = (
				52ED9E52169F8ED50082EABB /* SenTestingKit.framework in Frameworks */,
				52ED9E53169F8ED50082EABB /* Cocoa.framework in Frameworks */,
			);
			runOnlyForDeploymentPostprocessing = 0;
		};
/* End PBXFrameworksBuildPhase section */

/* Begin PBXGroup section */
		520624FA15CFDF4B0007C96D /* Story parsing */ = {
			isa = PBXGroup;
			children = (
				52B7E38815CC987A00A686E9 /* StoryChapter.h */,
				52B7E38915CC987A00A686E9 /* StoryChapter.m */,
				52B7E38B15CC98A900A686E9 /* StoryOverview.h */,
				52B7E38C15CC98A900A686E9 /* StoryOverview.m */,
				52FA2CF316A0458C00CE57DA /* StoryChapterFF.h */,
				52FA2CF416A0458C00CE57DA /* StoryChapterFF.m */,
				52ED9E47169F896D0082EABB /* StoryOverviewFF.h */,
				52ED9E48169F896D0082EABB /* StoryOverviewFF.m */,
			);
			name = "Story parsing";
			sourceTree = "<group>";
		};
		520624FB15CFDF570007C96D /* Story List Management */ = {
			isa = PBXGroup;
			children = (
				5275089515CD2CCE00927E69 /* StoryList.h */,
				5275089615CD2CCE00927E69 /* StoryList.m */,
				5275089915CD2CD800927E69 /* StoryListEntry.h */,
				5275089A15CD2CD800927E69 /* StoryListEntry.m */,
				52593DA515CD670300282252 /* StoryUpdater.h */,
				52593DA615CD670300282252 /* StoryUpdater.m */,
				523D59B715CF39EB00ECE017 /* LemonImporter.h */,
				523D59B815CF39EB00ECE017 /* LemonImporter.m */,
				52FA2CDE169F5EF600CE57DA /* StoryID.h */,
				52FA2CDF169F5EF600CE57DA /* StoryID.m */,
			);
			name = "Story List Management";
			sourceTree = "<group>";
		};
		520624FD15CFDF830007C96D /* Controllers */ = {
			isa = PBXGroup;
			children = (
				52B7E37D15CC985200A686E9 /* AppDelegate.h */,
				52B7E37E15CC985200A686E9 /* AppDelegate.m */,
				526A585415CD54D600EB2D63 /* AddStorySheetController.h */,
				526A585515CD54D600EB2D63 /* AddStorySheetController.m */,
				52593DAC15CD831000282252 /* StoryTableDataSource.h */,
				52593DAD15CD831000282252 /* StoryTableDataSource.m */,
				5266901515CF29CB000F5D0E /* UpdateProgressWindowController.h */,
				5266901615CF29CB000F5D0E /* UpdateProgressWindowController.m */,
				52593DBD15CD917100282252 /* Settings.h */,
				52593DBE15CD917100282252 /* Settings.m */,
				52F92C3615D1E71A0037648F /* MainWindowController.h */,
				52F92C3715D1E71A0037648F /* MainWindowController.m */,
				52F92C3A15D1E8890037648F /* SheetController.h */,
				52F92C3B15D1E8890037648F /* SheetController.m */,
				52BBA6CE1699DE3500DF3140 /* UserDefaultsKeys.h */,
				52BBA6CF1699DE3500DF3140 /* UserDefaultsKeys.m */,
			);
			name = Controllers;
			sourceTree = "<group>";
		};
		520624FE15CFDF950007C96D /* User Interface */ = {
			isa = PBXGroup;
			children = (
				52AD5F8315D29CAA0078531D /* MainMenu.xib */,
				526A585115CD53E200EB2D63 /* AddStoryView.xib */,
				52593DBF15CD917100282252 /* Settings.xib */,
				5266901715CF29CB000F5D0E /* UpdateProgressWindowController.xib */,
			);
			name = "User Interface";
			sourceTree = "<group>";
		};
		520624FF15CFDFB20007C96D /* Sending emails */ = {
			isa = PBXGroup;
			children = (
				52BED9D315CFC08B004A2E96 /* Mail.h */,
				52CE3AF415CDEF1E00375FA9 /* EmailSender.h */,
				52CE3AF515CDEF1E00375FA9 /* EmailSender.m */,
			);
			name = "Sending emails";
			sourceTree = "<group>";
		};
		5206250015CFDFE10007C96D /* Generate Kindle files */ = {
			isa = PBXGroup;
			children = (
				5206250115CFE0060007C96D /* Templates */,
				52593DA915CD671500282252 /* StoryRenderer.h */,
				52593DAA15CD671500282252 /* StoryRenderer.m */,
				523D59AD15CE7E3C00ECE017 /* FileTemplate.h */,
				523D59AE15CE7E3C00ECE017 /* FileTemplate.m */,
				523D59B015CE7EF300ECE017 /* FileTemplateMarker.h */,
				523D59B115CE7EF300ECE017 /* FileTemplateMarker.m */,
			);
			name = "Generate Kindle files";
			sourceTree = "<group>";
		};
		5206250115CFE0060007C96D /* Templates */ = {
			isa = PBXGroup;
			children = (
				523D59A715CE7C5500ECE017 /* storyTemplate.html */,
				523D59A915CE7D8900ECE017 /* tocTemplate.html */,
				523D59AB15CE7DC200ECE017 /* chapterTemplate.html */,
			);
			name = Templates;
			sourceTree = "<group>";
		};
		52AD5F9315D29CC20078531D /* New Group */ = {
			isa = PBXGroup;
			children = (
				52AD5FA615D29D060078531D /* xibLocalizationPostprocessor.m */,
			);
			name = "New Group";
			sourceTree = "<group>";
		};
		52B7E35C15CC985200A686E9 = {
			isa = PBXGroup;
			children = (
				5221B44A15D4790300ACD50A /* LIESMICH.md */,
				529984E115D4786900227F44 /* Development.md */,
				529984DF15D477BF00227F44 /* COPYING.md */,
				529984DD15D477AB00227F44 /* README.md */,
				52AD5F9315D29CC20078531D /* New Group */,
				52B7E37115CC985200A686E9 /* Fanfiction Downloader */,
				52ED9E54169F8ED50082EABB /* FanfictionDownloaderTests */,
				52B7E36A15CC985200A686E9 /* Frameworks */,
				52B7E36815CC985200A686E9 /* Products */,
			);
			sourceTree = "<group>";
		};
		52B7E36815CC985200A686E9 /* Products */ = {
			isa = PBXGroup;
			children = (
				52B7E36715CC985200A686E9 /* Fanfiction Downloader.app */,
				52AD5F9815D29CEB0078531D /* xibLocalizationPostprocessor */,
				52ED9E50169F8ED50082EABB /* FanfictionDownloaderTests.octest */,
			);
			name = Products;
			sourceTree = "<group>";
		};
		52B7E36A15CC985200A686E9 /* Frameworks */ = {
			isa = PBXGroup;
			children = (
				52CE3AF215CDED0200375FA9 /* ScriptingBridge.framework */,
				52B7E36B15CC985200A686E9 /* Cocoa.framework */,
				52AD5F9A15D29CEB0078531D /* Foundation.framework */,
				52ED9E51169F8ED50082EABB /* SenTestingKit.framework */,
				52B7E36D15CC985200A686E9 /* Other Frameworks */,
			);
			name = Frameworks;
			sourceTree = "<group>";
		};
		52B7E36D15CC985200A686E9 /* Other Frameworks */ = {
			isa = PBXGroup;
			children = (
				52B7E36E15CC985200A686E9 /* AppKit.framework */,
				52B7E36F15CC985200A686E9 /* CoreData.framework */,
				52B7E37015CC985200A686E9 /* Foundation.framework */,
			);
			name = "Other Frameworks";
			sourceTree = "<group>";
		};
		52B7E37115CC985200A686E9 /* Fanfiction Downloader */ = {
			isa = PBXGroup;
			children = (
				5206250015CFDFE10007C96D /* Generate Kindle files */,
				520624FF15CFDFB20007C96D /* Sending emails */,
				520624FE15CFDF950007C96D /* User Interface */,
				520624FD15CFDF830007C96D /* Controllers */,
				520624FB15CFDF570007C96D /* Story List Management */,
				520624FA15CFDF4B0007C96D /* Story parsing */,
				52B7E38E15CCA17100A686E9 /* Utils */,
				52B7E37215CC985200A686E9 /* Supporting Files */,
			);
			path = "Fanfiction Downloader";
			sourceTree = "<group>";
		};
		52B7E37215CC985200A686E9 /* Supporting Files */ = {
			isa = PBXGroup;
			children = (
				52AD5FAD15D29DCC0078531D /* AddStoryView.strings */,
				52AD5FB015D29DCF0078531D /* Credits.rtf */,
				52AD5FB315D29DD20078531D /* InfoPlist.strings */,
				52AD5FB615D29DD50078531D /* Localizable.strings */,
				52AD5FB915D29DDB0078531D /* MainMenu.strings */,
				52AD5FBC15D29DDF0078531D /* Settings.strings */,
				52AD5FBF15D29DE30078531D /* UpdateProgressWindowController.strings */,
				52B7E37315CC985200A686E9 /* Fanfiction Downloader-Info.plist */,
				52B7E37715CC985200A686E9 /* main.m */,
				52B7E37915CC985200A686E9 /* Fanfiction Downloader-Prefix.pch */,
			);
			name = "Supporting Files";
			sourceTree = "<group>";
		};
		52B7E38E15CCA17100A686E9 /* Utils */ = {
			isa = PBXGroup;
			children = (
				52AD5FC715D2A14D0078531D /* DMLocalizedNibBundle.m */,
				52B7E38F15CCA18900A686E9 /* NSXMLNode+QuickerXPath.h */,
				52B7E39015CCA18900A686E9 /* NSXMLNode+QuickerXPath.m */,
				52ED9E2F169998F20082EABB /* NSArray+Map.h */,
				52ED9E30169998F20082EABB /* NSArray+Map.m */,
			);
			name = Utils;
			sourceTree = "<group>";
		};
		52ED9E54169F8ED50082EABB /* FanfictionDownloaderTests */ = {
			isa = PBXGroup;
			children = (
				52ED9E6A169F9A090082EABB /* ffteststory.html */,
				52ED9E5A169F8ED60082EABB /* FanfictionDownloaderTests.h */,
				52ED9E5B169F8ED60082EABB /* FanfictionDownloaderTests.m */,
				52ED9E55169F8ED60082EABB /* Supporting Files */,
				52ED9E64169F8F0F0082EABB /* FileTemplateTest.h */,
				52ED9E65169F8F0F0082EABB /* FileTemplateTest.m */,
				52ED9E67169F99C10082EABB /* StoryFFTest.h */,
				52ED9E68169F99C20082EABB /* StoryFFTest.m */,
				52FA2CE716A015D500CE57DA /* StoryOverviewTest.h */,
				52FA2CE816A015D500CE57DA /* StoryOverviewTest.m */,
				52FA2CEB16A0165700CE57DA /* StoryListEntryTest.h */,
				52FA2CEC16A0165700CE57DA /* StoryListEntryTest.m */,
				52FA2CEE16A03E8C00CE57DA /* StoryRendererTestFF.h */,
				52FA2CEF16A03E8C00CE57DA /* StoryRendererTestFF.m */,
				52FA2CF116A0403500CE57DA /* ffteststory.expected.html */,
			);
			path = FanfictionDownloaderTests;
			sourceTree = "<group>";
		};
		52ED9E55169F8ED60082EABB /* Supporting Files */ = {
			isa = PBXGroup;
			children = (
				52ED9E56169F8ED60082EABB /* FanfictionDownloaderTests-Info.plist */,
				52ED9E57169F8ED60082EABB /* InfoPlist.strings */,
				52ED9E5D169F8ED60082EABB /* FanfictionDownloaderTests-Prefix.pch */,
			);
			name = "Supporting Files";
			sourceTree = "<group>";
		};
/* End PBXGroup section */

/* Begin PBXNativeTarget section */
		52AD5F9715D29CEB0078531D /* xibLocalizationPostprocessor */ = {
			isa = PBXNativeTarget;
			buildConfigurationList = 52AD5FA315D29CEB0078531D /* Build configuration list for PBXNativeTarget "xibLocalizationPostprocessor" */;
			buildPhases = (
				52AD5F9415D29CEB0078531D /* Sources */,
				52AD5F9515D29CEB0078531D /* Frameworks */,
				52AD5F9615D29CEB0078531D /* CopyFiles */,
			);
			buildRules = (
			);
			dependencies = (
			);
			name = xibLocalizationPostprocessor;
			productName = xibLocalizationPostprocessor;
			productReference = 52AD5F9815D29CEB0078531D /* xibLocalizationPostprocessor */;
			productType = "com.apple.product-type.tool";
		};
		52B7E36615CC985200A686E9 /* Fanfiction Downloader */ = {
			isa = PBXNativeTarget;
			buildConfigurationList = 52B7E38515CC985200A686E9 /* Build configuration list for PBXNativeTarget "Fanfiction Downloader" */;
			buildPhases = (
				52B7E36315CC985200A686E9 /* Sources */,
				52B7E36415CC985200A686E9 /* Frameworks */,
				52B7E36515CC985200A686E9 /* Resources */,
				52AD5FAA15D29D570078531D /* Generate Localizable Strings */,
			);
			buildRules = (
				52CE3AEE15CDEC9000375FA9 /* PBXBuildRule */,
			);
			dependencies = (
				52AD5FA915D29D0F0078531D /* PBXTargetDependency */,
			);
			name = "Fanfiction Downloader";
			productName = "Fanfiction Downloader";
			productReference = 52B7E36715CC985200A686E9 /* Fanfiction Downloader.app */;
			productType = "com.apple.product-type.application";
		};
		52ED9E4F169F8ED50082EABB /* FanfictionDownloaderTests */ = {
			isa = PBXNativeTarget;
			buildConfigurationList = 52ED9E5E169F8ED60082EABB /* Build configuration list for PBXNativeTarget "FanfictionDownloaderTests" */;
			buildPhases = (
				52ED9E4B169F8ED50082EABB /* Sources */,
				52ED9E4C169F8ED50082EABB /* Frameworks */,
				52ED9E4D169F8ED50082EABB /* Resources */,
				52ED9E4E169F8ED50082EABB /* ShellScript */,
			);
			buildRules = (
			);
			dependencies = (
				52ED9E62169F8EEE0082EABB /* PBXTargetDependency */,
			);
			name = FanfictionDownloaderTests;
			productName = FanfictionDownloaderTests;
			productReference = 52ED9E50169F8ED50082EABB /* FanfictionDownloaderTests.octest */;
			productType = "com.apple.product-type.bundle";
		};
/* End PBXNativeTarget section */

/* Begin PBXProject section */
		52B7E35E15CC985200A686E9 /* Project object */ = {
			isa = PBXProject;
			attributes = {
				LastUpgradeCheck = 0440;
				ORGANIZATIONNAME = "Torsten Kammer";
			};
			buildConfigurationList = 52B7E36115CC985200A686E9 /* Build configuration list for PBXProject "Fanfiction Downloader" */;
			compatibilityVersion = "Xcode 3.2";
			developmentRegion = English;
			hasScannedForEncodings = 0;
			knownRegions = (
				en,
			);
			mainGroup = 52B7E35C15CC985200A686E9;
			productRefGroup = 52B7E36815CC985200A686E9 /* Products */;
			projectDirPath = "";
			projectRoot = "";
			targets = (
				52B7E36615CC985200A686E9 /* Fanfiction Downloader */,
				52AD5F9715D29CEB0078531D /* xibLocalizationPostprocessor */,
				52ED9E4F169F8ED50082EABB /* FanfictionDownloaderTests */,
			);
		};
/* End PBXProject section */

/* Begin PBXResourcesBuildPhase section */
		52B7E36515CC985200A686E9 /* Resources */ = {
			isa = PBXResourcesBuildPhase;
			buildActionMask = 2147483647;
			files = (
				526A585215CD53E200EB2D63 /* AddStoryView.xib in Resources */,
				52593DC115CD917100282252 /* Settings.xib in Resources */,
				523D59A815CE7C5500ECE017 /* storyTemplate.html in Resources */,
				523D59AA15CE7D8900ECE017 /* tocTemplate.html in Resources */,
				523D59AC15CE7DC200ECE017 /* chapterTemplate.html in Resources */,
				5266901915CF29CC000F5D0E /* UpdateProgressWindowController.xib in Resources */,
				52AD5F8415D29CAA0078531D /* MainMenu.xib in Resources */,
				52AD5FAE15D29DCF0078531D /* Credits.rtf in Resources */,
				529984D215D4143000227F44 /* AddStoryView.strings in Resources */,
				529984D315D4143000227F44 /* InfoPlist.strings in Resources */,
				529984D415D4143000227F44 /* Localizable.strings in Resources */,
				529984D515D4143000227F44 /* MainMenu.strings in Resources */,
				529984D615D4143000227F44 /* Settings.strings in Resources */,
				529984D715D4143000227F44 /* UpdateProgressWindowController.strings in Resources */,
			);
			runOnlyForDeploymentPostprocessing = 0;
		};
		52ED9E4D169F8ED50082EABB /* Resources */ = {
			isa = PBXResourcesBuildPhase;
			buildActionMask = 2147483647;
			files = (
				52ED9E59169F8ED60082EABB /* InfoPlist.strings in Resources */,
				52ED9E6B169F9A090082EABB /* ffteststory.html in Resources */,
				52FA2CF216A0403500CE57DA /* ffteststory.expected.html in Resources */,
			);
			runOnlyForDeploymentPostprocessing = 0;
		};
/* End PBXResourcesBuildPhase section */

/* Begin PBXShellScriptBuildPhase section */
		52AD5FAA15D29D570078531D /* Generate Localizable Strings */ = {
			isa = PBXShellScriptBuildPhase;
			buildActionMask = 2147483647;
			files = (
			);
			inputPaths = (
			);
			name = "Generate Localizable Strings";
			outputPaths = (
			);
			runOnlyForDeploymentPostprocessing = 0;
			shellPath = /bin/zsh;
			shellScript = "DEVELOPMENT_LANGUAGE=en\n${SRCROOT}/DMLocalizedNibBundle/slurpLocalizableStrings.zsh";
		};
		52ED9E4E169F8ED50082EABB /* ShellScript */ = {
			isa = PBXShellScriptBuildPhase;
			buildActionMask = 2147483647;
			files = (
			);
			inputPaths = (
			);
			outputPaths = (
			);
			runOnlyForDeploymentPostprocessing = 0;
			shellPath = /bin/sh;
			shellScript = "# Run the unit tests in this test bundle.\n\"${SYSTEM_DEVELOPER_DIR}/Tools/RunUnitTests\"\n";
		};
/* End PBXShellScriptBuildPhase section */

/* Begin PBXSourcesBuildPhase section */
		52AD5F9415D29CEB0078531D /* Sources */ = {
			isa = PBXSourcesBuildPhase;
			buildActionMask = 2147483647;
			files = (
				52AD5FA715D29D060078531D /* xibLocalizationPostprocessor.m in Sources */,
			);
			runOnlyForDeploymentPostprocessing = 0;
		};
		52B7E36315CC985200A686E9 /* Sources */ = {
			isa = PBXSourcesBuildPhase;
			buildActionMask = 2147483647;
			files = (
				52B7E37815CC985200A686E9 /* main.m in Sources */,
				52B7E37F15CC985200A686E9 /* AppDelegate.m in Sources */,
				52B7E38A15CC987A00A686E9 /* StoryChapter.m in Sources */,
				52B7E38D15CC98A900A686E9 /* StoryOverview.m in Sources */,
				52B7E39115CCA18900A686E9 /* NSXMLNode+QuickerXPath.m in Sources */,
				5275089715CD2CCE00927E69 /* StoryList.m in Sources */,
				5275089B15CD2CD800927E69 /* StoryListEntry.m in Sources */,
				526A585615CD54D600EB2D63 /* AddStorySheetController.m in Sources */,
				52593DA715CD670300282252 /* StoryUpdater.m in Sources */,
				52593DAB15CD671500282252 /* StoryRenderer.m in Sources */,
				52593DAE15CD831000282252 /* StoryTableDataSource.m in Sources */,
				52593DC015CD917100282252 /* Settings.m in Sources */,
				52CE3AF615CDEF1E00375FA9 /* EmailSender.m in Sources */,
				523D59AF15CE7E3C00ECE017 /* FileTemplate.m in Sources */,
				523D59B215CE7EF300ECE017 /* FileTemplateMarker.m in Sources */,
				5266901815CF29CC000F5D0E /* UpdateProgressWindowController.m in Sources */,
				523D59B915CF39EB00ECE017 /* LemonImporter.m in Sources */,
				52F92C3815D1E71A0037648F /* MainWindowController.m in Sources */,
				52F92C3C15D1E8890037648F /* SheetController.m in Sources */,
				52AD5FC815D2A14D0078531D /* DMLocalizedNibBundle.m in Sources */,
				52ED9E31169998F20082EABB /* NSArray+Map.m in Sources */,
				52BBA6D01699DE3500DF3140 /* UserDefaultsKeys.m in Sources */,
				52FA2CE0169F5EF600CE57DA /* StoryID.m in Sources */,
				52ED9E49169F896D0082EABB /* StoryOverviewFF.m in Sources */,
				52FA2CF516A0458C00CE57DA /* StoryChapterFF.m in Sources */,
			);
			runOnlyForDeploymentPostprocessing = 0;
		};
		52ED9E4B169F8ED50082EABB /* Sources */ = {
			isa = PBXSourcesBuildPhase;
			buildActionMask = 2147483647;
			files = (
				52ED9E5C169F8ED60082EABB /* FanfictionDownloaderTests.m in Sources */,
				52ED9E66169F8F0F0082EABB /* FileTemplateTest.m in Sources */,
				52ED9E69169F99C20082EABB /* StoryFFTest.m in Sources */,
				52FA2CE916A015D500CE57DA /* StoryOverviewTest.m in Sources */,
				52FA2CED16A0165700CE57DA /* StoryListEntryTest.m in Sources */,
				52FA2CF016A03E8C00CE57DA /* StoryRendererTestFF.m in Sources */,
			);
			runOnlyForDeploymentPostprocessing = 0;
		};
/* End PBXSourcesBuildPhase section */

/* Begin PBXTargetDependency section */
		52AD5FA915D29D0F0078531D /* PBXTargetDependency */ = {
			isa = PBXTargetDependency;
			target = 52AD5F9715D29CEB0078531D /* xibLocalizationPostprocessor */;
			targetProxy = 52AD5FA815D29D0F0078531D /* PBXContainerItemProxy */;
		};
		52ED9E62169F8EEE0082EABB /* PBXTargetDependency */ = {
			isa = PBXTargetDependency;
			target = 52B7E36615CC985200A686E9 /* Fanfiction Downloader */;
			targetProxy = 52ED9E61169F8EEE0082EABB /* PBXContainerItemProxy */;
		};
/* End PBXTargetDependency section */

/* Begin PBXVariantGroup section */
		52AD5FAD15D29DCC0078531D /* AddStoryView.strings */ = {
			isa = PBXVariantGroup;
			children = (
				52AD5FAC15D29DCC0078531D /* en */,
				52AD5FC015D29DF90078531D /* de */,
			);
			name = AddStoryView.strings;
			sourceTree = "<group>";
		};
		52AD5FB015D29DCF0078531D /* Credits.rtf */ = {
			isa = PBXVariantGroup;
			children = (
				52AD5FAF15D29DCF0078531D /* en */,
				52AD5FC115D29DF90078531D /* de */,
			);
			name = Credits.rtf;
			sourceTree = "<group>";
		};
		52AD5FB315D29DD20078531D /* InfoPlist.strings */ = {
			isa = PBXVariantGroup;
			children = (
				52AD5FB215D29DD20078531D /* en */,
				52AD5FC215D29DF90078531D /* de */,
			);
			name = InfoPlist.strings;
			sourceTree = "<group>";
		};
		52AD5FB615D29DD50078531D /* Localizable.strings */ = {
			isa = PBXVariantGroup;
			children = (
				52AD5FB515D29DD50078531D /* en */,
				52AD5FC315D29DF90078531D /* de */,
			);
			name = Localizable.strings;
			sourceTree = "<group>";
		};
		52AD5FB915D29DDB0078531D /* MainMenu.strings */ = {
			isa = PBXVariantGroup;
			children = (
				52AD5FB815D29DDB0078531D /* en */,
				52AD5FC415D29DF90078531D /* de */,
			);
			name = MainMenu.strings;
			sourceTree = "<group>";
		};
		52AD5FBC15D29DDF0078531D /* Settings.strings */ = {
			isa = PBXVariantGroup;
			children = (
				52AD5FBB15D29DDF0078531D /* en */,
				52AD5FC515D29DF90078531D /* de */,
			);
			name = Settings.strings;
			sourceTree = "<group>";
		};
		52AD5FBF15D29DE30078531D /* UpdateProgressWindowController.strings */ = {
			isa = PBXVariantGroup;
			children = (
				52AD5FBE15D29DE30078531D /* en */,
				52AD5FC615D29DF90078531D /* de */,
			);
			name = UpdateProgressWindowController.strings;
			sourceTree = "<group>";
		};
		52ED9E57169F8ED60082EABB /* InfoPlist.strings */ = {
			isa = PBXVariantGroup;
			children = (
				52ED9E58169F8ED60082EABB /* en */,
			);
			name = InfoPlist.strings;
			sourceTree = "<group>";
		};
/* End PBXVariantGroup section */

/* Begin XCBuildConfiguration section */
		52AD5FA415D29CEB0078531D /* Debug */ = {
			isa = XCBuildConfiguration;
			buildSettings = {
				CLANG_ENABLE_OBJC_ARC = NO;
				MACOSX_DEPLOYMENT_TARGET = 10.8;
				PRODUCT_NAME = "$(TARGET_NAME)";
				SDKROOT = macosx;
			};
			name = Debug;
		};
		52AD5FA515D29CEB0078531D /* Release */ = {
			isa = XCBuildConfiguration;
			buildSettings = {
				CLANG_ENABLE_OBJC_ARC = NO;
				MACOSX_DEPLOYMENT_TARGET = 10.8;
				PRODUCT_NAME = "$(TARGET_NAME)";
				SDKROOT = macosx;
			};
			name = Release;
		};
		52B7E38315CC985200A686E9 /* Debug */ = {
			isa = XCBuildConfiguration;
			buildSettings = {
				ALWAYS_SEARCH_USER_PATHS = NO;
				ARCHS = "$(ARCHS_STANDARD_64_BIT)";
				CLANG_CXX_LANGUAGE_STANDARD = "gnu++0x";
				CLANG_ENABLE_OBJC_ARC = YES;
				CLANG_WARN_OBJC_RECEIVER_WEAK = YES;
				CLANG_WARN__DUPLICATE_METHOD_MATCH = YES;
				COPY_PHASE_STRIP = NO;
				GCC_C_LANGUAGE_STANDARD = gnu99;
				GCC_DYNAMIC_NO_PIC = NO;
				GCC_ENABLE_OBJC_EXCEPTIONS = YES;
				GCC_OPTIMIZATION_LEVEL = 0;
				GCC_PREPROCESSOR_DEFINITIONS = (
					"DEBUG=1",
					"$(inherited)",
				);
				GCC_SYMBOLS_PRIVATE_EXTERN = NO;
				GCC_TREAT_WARNINGS_AS_ERRORS = YES;
				GCC_WARN_64_TO_32_BIT_CONVERSION = YES;
				GCC_WARN_ABOUT_RETURN_TYPE = YES;
				GCC_WARN_PEDANTIC = YES;
				GCC_WARN_UNINITIALIZED_AUTOS = YES;
				GCC_WARN_UNUSED_VARIABLE = YES;
				MACOSX_DEPLOYMENT_TARGET = 10.7;
				ONLY_ACTIVE_ARCH = YES;
				SDKROOT = macosx10.7;
			};
			name = Debug;
		};
		52B7E38415CC985200A686E9 /* Release */ = {
			isa = XCBuildConfiguration;
			buildSettings = {
				ALWAYS_SEARCH_USER_PATHS = NO;
				ARCHS = "$(ARCHS_STANDARD_64_BIT)";
				CLANG_CXX_LANGUAGE_STANDARD = "gnu++0x";
				CLANG_ENABLE_OBJC_ARC = YES;
				CLANG_WARN_OBJC_RECEIVER_WEAK = YES;
				CLANG_WARN__DUPLICATE_METHOD_MATCH = YES;
				COPY_PHASE_STRIP = YES;
				DEBUG_INFORMATION_FORMAT = "dwarf-with-dsym";
				GCC_C_LANGUAGE_STANDARD = gnu99;
				GCC_ENABLE_OBJC_EXCEPTIONS = YES;
				GCC_TREAT_WARNINGS_AS_ERRORS = YES;
				GCC_WARN_64_TO_32_BIT_CONVERSION = YES;
				GCC_WARN_ABOUT_RETURN_TYPE = YES;
				GCC_WARN_PEDANTIC = YES;
				GCC_WARN_UNINITIALIZED_AUTOS = YES;
				GCC_WARN_UNUSED_VARIABLE = YES;
				MACOSX_DEPLOYMENT_TARGET = 10.7;
				SDKROOT = macosx10.7;
			};
			name = Release;
		};
		52B7E38615CC985200A686E9 /* Debug */ = {
			isa = XCBuildConfiguration;
			buildSettings = {
				COMBINE_HIDPI_IMAGES = YES;
				FRAMEWORK_SEARCH_PATHS = (
					"$(inherited)",
					"\"$(SRCROOT)/Additional Frameworks\"",
				);
				GCC_PRECOMPILE_PREFIX_HEADER = YES;
				GCC_PREFIX_HEADER = "Fanfiction Downloader/Fanfiction Downloader-Prefix.pch";
				INFOPLIST_FILE = "Fanfiction Downloader/Fanfiction Downloader-Info.plist";
				PRODUCT_NAME = "$(TARGET_NAME)";
				WRAPPER_EXTENSION = app;
			};
			name = Debug;
		};
		52B7E38715CC985200A686E9 /* Release */ = {
			isa = XCBuildConfiguration;
			buildSettings = {
				COMBINE_HIDPI_IMAGES = YES;
				FRAMEWORK_SEARCH_PATHS = (
					"$(inherited)",
					"\"$(SRCROOT)/Additional Frameworks\"",
				);
				GCC_PRECOMPILE_PREFIX_HEADER = YES;
				GCC_PREFIX_HEADER = "Fanfiction Downloader/Fanfiction Downloader-Prefix.pch";
				INFOPLIST_FILE = "Fanfiction Downloader/Fanfiction Downloader-Info.plist";
				PRODUCT_NAME = "$(TARGET_NAME)";
				WRAPPER_EXTENSION = app;
			};
			name = Release;
		};
		52ED9E5F169F8ED60082EABB /* Debug */ = {
			isa = XCBuildConfiguration;
			buildSettings = {
				BUNDLE_LOADER = "$(BUILT_PRODUCTS_DIR)/Fanfiction Downloader.app/Contents/MacOS/Fanfiction Downloader";
				CLANG_CXX_LIBRARY = "libc++";
				CLANG_WARN_EMPTY_BODY = YES;
				COMBINE_HIDPI_IMAGES = YES;
				FRAMEWORK_SEARCH_PATHS = "\"$(DEVELOPER_LIBRARY_DIR)/Frameworks\"";
				GCC_PRECOMPILE_PREFIX_HEADER = YES;
				GCC_PREFIX_HEADER = "FanfictionDownloaderTests/FanfictionDownloaderTests-Prefix.pch";
				GCC_WARN_PEDANTIC = NO;
				INFOPLIST_FILE = "FanfictionDownloaderTests/FanfictionDownloaderTests-Info.plist";
				MACOSX_DEPLOYMENT_TARGET = 10.8;
				PRODUCT_NAME = "$(TARGET_NAME)";
				SDKROOT = macosx;
				TEST_HOST = "$(BUNDLE_LOADER)";
				WRAPPER_EXTENSION = octest;
			};
			name = Debug;
		};
		52ED9E60169F8ED60082EABB /* Release */ = {
			isa = XCBuildConfiguration;
			buildSettings = {
				BUNDLE_LOADER = "$(BUILT_PRODUCTS_DIR)/Fanfiction Downloader.app/Contents/MacOS/Fanfiction Downloader";
				CLANG_CXX_LIBRARY = "libc++";
				CLANG_WARN_EMPTY_BODY = YES;
				COMBINE_HIDPI_IMAGES = YES;
				FRAMEWORK_SEARCH_PATHS = "\"$(DEVELOPER_LIBRARY_DIR)/Frameworks\"";
				GCC_PRECOMPILE_PREFIX_HEADER = YES;
				GCC_PREFIX_HEADER = "FanfictionDownloaderTests/FanfictionDownloaderTests-Prefix.pch";
				GCC_WARN_PEDANTIC = NO;
				INFOPLIST_FILE = "FanfictionDownloaderTests/FanfictionDownloaderTests-Info.plist";
				MACOSX_DEPLOYMENT_TARGET = 10.8;
				PRODUCT_NAME = "$(TARGET_NAME)";
				SDKROOT = macosx;
				TEST_HOST = "$(BUNDLE_LOADER)";
				WRAPPER_EXTENSION = octest;
			};
			name = Release;
		};
/* End XCBuildConfiguration section */

/* Begin XCConfigurationList section */
		52AD5FA315D29CEB0078531D /* Build configuration list for PBXNativeTarget "xibLocalizationPostprocessor" */ = {
			isa = XCConfigurationList;
			buildConfigurations = (
				52AD5FA415D29CEB0078531D /* Debug */,
				52AD5FA515D29CEB0078531D /* Release */,
			);
			defaultConfigurationIsVisible = 0;
			defaultConfigurationName = Release;
		};
		52B7E36115CC985200A686E9 /* Build configuration list for PBXProject "Fanfiction Downloader" */ = {
			isa = XCConfigurationList;
			buildConfigurations = (
				52B7E38315CC985200A686E9 /* Debug */,
				52B7E38415CC985200A686E9 /* Release */,
			);
			defaultConfigurationIsVisible = 0;
			defaultConfigurationName = Release;
		};
		52B7E38515CC985200A686E9 /* Build configuration list for PBXNativeTarget "Fanfiction Downloader" */ = {
			isa = XCConfigurationList;
			buildConfigurations = (
				52B7E38615CC985200A686E9 /* Debug */,
				52B7E38715CC985200A686E9 /* Release */,
			);
			defaultConfigurationIsVisible = 0;
			defaultConfigurationName = Release;
		};
		52ED9E5E169F8ED60082EABB /* Build configuration list for PBXNativeTarget "FanfictionDownloaderTests" */ = {
			isa = XCConfigurationList;
			buildConfigurations = (
				52ED9E5F169F8ED60082EABB /* Debug */,
				52ED9E60169F8ED60082EABB /* Release */,
			);
			defaultConfigurationIsVisible = 0;
			defaultConfigurationName = Release;
		};
/* End XCConfigurationList section */
	};
	rootObject = 52B7E35E15CC985200A686E9 /* Project object */;
}
